// !$*UTF8*$!
{
	archiveVersion = 1;
	classes = {
	};
	objectVersion = 46;
	objects = {

/* Begin PBXBuildFile section */
		08041BD4163CE1E2001A61D0 /* Cocoa.framework in Frameworks */ = {isa = PBXBuildFile; fileRef = 08041BD3163CE1E2001A61D0 /* Cocoa.framework */; };
		08041BDE163CE1E3001A61D0 /* InfoPlist.strings in Resources */ = {isa = PBXBuildFile; fileRef = 08041BDC163CE1E3001A61D0 /* InfoPlist.strings */; };
		08041BE0163CE1E3001A61D0 /* main.m in Sources */ = {isa = PBXBuildFile; fileRef = 08041BDF163CE1E3001A61D0 /* main.m */; };
		08041BE4163CE1E3001A61D0 /* Credits.rtf in Resources */ = {isa = PBXBuildFile; fileRef = 08041BE2163CE1E3001A61D0 /* Credits.rtf */; };
		08041BE7163CE1E3001A61D0 /* o2jsAppDelegate.m in Sources */ = {isa = PBXBuildFile; fileRef = 08041BE6163CE1E3001A61D0 /* o2jsAppDelegate.m */; };
		08041BEA163CE1E3001A61D0 /* MainMenu.xib in Resources */ = {isa = PBXBuildFile; fileRef = 08041BE8163CE1E3001A61D0 /* MainMenu.xib */; };
/* End PBXBuildFile section */

/* Begin PBXFileReference section */
		08041BCF163CE1E2001A61D0 /* BasicMemoryManagement.app */ = {isa = PBXFileReference; explicitFileType = wrapper.application; includeInIndex = 0; path = BasicMemoryManagement.app; sourceTree = BUILT_PRODUCTS_DIR; };
		08041BD3163CE1E2001A61D0 /* Cocoa.framework */ = {isa = PBXFileReference; lastKnownFileType = wrapper.framework; name = Cocoa.framework; path = System/Library/Frameworks/Cocoa.framework; sourceTree = SDKROOT; };
		08041BD6163CE1E2001A61D0 /* AppKit.framework */ = {isa = PBXFileReference; lastKnownFileType = wrapper.framework; name = AppKit.framework; path = System/Library/Frameworks/AppKit.framework; sourceTree = SDKROOT; };
		08041BD7163CE1E2001A61D0 /* CoreData.framework */ = {isa = PBXFileReference; lastKnownFileType = wrapper.framework; name = CoreData.framework; path = System/Library/Frameworks/CoreData.framework; sourceTree = SDKROOT; };
		08041BD8163CE1E2001A61D0 /* Foundation.framework */ = {isa = PBXFileReference; lastKnownFileType = wrapper.framework; name = Foundation.framework; path = System/Library/Frameworks/Foundation.framework; sourceTree = SDKROOT; };
		08041BDB163CE1E3001A61D0 /* BasicMemoryManagement-Info.plist */ = {isa = PBXFileReference; lastKnownFileType = text.plist.xml; path = "BasicMemoryManagement-Info.plist"; sourceTree = "<group>"; };
		08041BDD163CE1E3001A61D0 /* en */ = {isa = PBXFileReference; lastKnownFileType = text.plist.strings; name = en; path = en.lproj/InfoPlist.strings; sourceTree = "<group>"; };
		08041BDF163CE1E3001A61D0 /* main.m */ = {isa = PBXFileReference; lastKnownFileType = sourcecode.c.objc; path = main.m; sourceTree = "<group>"; };
		08041BE1163CE1E3001A61D0 /* BasicMemoryManagement-Prefix.pch */ = {isa = PBXFileReference; lastKnownFileType = sourcecode.c.h; path = "BasicMemoryManagement-Prefix.pch"; sourceTree = "<group>"; };
		08041BE3163CE1E3001A61D0 /* en */ = {isa = PBXFileReference; lastKnownFileType = text.rtf; name = en; path = en.lproj/Credits.rtf; sourceTree = "<group>"; };
		08041BE5163CE1E3001A61D0 /* o2jsAppDelegate.h */ = {isa = PBXFileReference; lastKnownFileType = sourcecode.c.h; path = o2jsAppDelegate.h; sourceTree = "<group>"; };
		08041BE6163CE1E3001A61D0 /* o2jsAppDelegate.m */ = {isa = PBXFileReference; lastKnownFileType = sourcecode.c.objc; path = o2jsAppDelegate.m; sourceTree = "<group>"; };
		08041BE9163CE1E3001A61D0 /* en */ = {isa = PBXFileReference; lastKnownFileType = file.xib; name = en; path = en.lproj/MainMenu.xib; sourceTree = "<group>"; };
/* End PBXFileReference section */

/* Begin PBXFrameworksBuildPhase section */
		08041BCC163CE1E2001A61D0 /* Frameworks */ = {
			isa = PBXFrameworksBuildPhase;
			buildActionMask = 2147483647;
			files = (
				08041BD4163CE1E2001A61D0 /* Cocoa.framework in Frameworks */,
			);
			runOnlyForDeploymentPostprocessing = 0;
		};
/* End PBXFrameworksBuildPhase section */

/* Begin PBXGroup section */
		08041BC4163CE1E2001A61D0 = {
			isa = PBXGroup;
			children = (
				08041BD9163CE1E2001A61D0 /* BasicMemoryManagement */,
				08041BD2163CE1E2001A61D0 /* Frameworks */,
				08041BD0163CE1E2001A61D0 /* Products */,
			);
			sourceTree = "<group>";
		};
		08041BD0163CE1E2001A61D0 /* Products */ = {
			isa = PBXGroup;
			children = (
				08041BCF163CE1E2001A61D0 /* BasicMemoryManagement.app */,
			);
			name = Products;
			sourceTree = "<group>";
		};
		08041BD2163CE1E2001A61D0 /* Frameworks */ = {
			isa = PBXGroup;
			children = (
				08041BD3163CE1E2001A61D0 /* Cocoa.framework */,
				08041BD5163CE1E2001A61D0 /* Other Frameworks */,
			);
			name = Frameworks;
			sourceTree = "<group>";
		};
		08041BD5163CE1E2001A61D0 /* Other Frameworks */ = {
			isa = PBXGroup;
			children = (
				08041BD6163CE1E2001A61D0 /* AppKit.framework */,
				08041BD7163CE1E2001A61D0 /* CoreData.framework */,
				08041BD8163CE1E2001A61D0 /* Foundation.framework */,
			);
			name = "Other Frameworks";
			sourceTree = "<group>";
		};
		08041BD9163CE1E2001A61D0 /* BasicMemoryManagement */ = {
			isa = PBXGroup;
			children = (
				08041BE5163CE1E3001A61D0 /* o2jsAppDelegate.h */,
				08041BE6163CE1E3001A61D0 /* o2jsAppDelegate.m */,
				08041BE8163CE1E3001A61D0 /* MainMenu.xib */,
				08041BDA163CE1E3001A61D0 /* Supporting Files */,
			);
			path = BasicMemoryManagement;
			sourceTree = "<group>";
		};
		08041BDA163CE1E3001A61D0 /* Supporting Files */ = {
			isa = PBXGroup;
			children = (
				08041BDB163CE1E3001A61D0 /* BasicMemoryManagement-Info.plist */,
				08041BDC163CE1E3001A61D0 /* InfoPlist.strings */,
				08041BDF163CE1E3001A61D0 /* main.m */,
				08041BE1163CE1E3001A61D0 /* BasicMemoryManagement-Prefix.pch */,
				08041BE2163CE1E3001A61D0 /* Credits.rtf */,
			);
			name = "Supporting Files";
			sourceTree = "<group>";
		};
/* End PBXGroup section */

/* Begin PBXNativeTarget section */
		08041BCE163CE1E2001A61D0 /* BasicMemoryManagement */ = {
			isa = PBXNativeTarget;
			buildConfigurationList = 08041BED163CE1E3001A61D0 /* Build configuration list for PBXNativeTarget "BasicMemoryManagement" */;
			buildPhases = (
				08041BCB163CE1E2001A61D0 /* Sources */,
				08041BCC163CE1E2001A61D0 /* Frameworks */,
				08041BCD163CE1E2001A61D0 /* Resources */,
			);
			buildRules = (
			);
			dependencies = (
			);
			name = BasicMemoryManagement;
			productName = BasicMemoryManagement;
			productReference = 08041BCF163CE1E2001A61D0 /* BasicMemoryManagement.app */;
			productType = "com.apple.product-type.application";
		};
/* End PBXNativeTarget section */

/* Begin PBXProject section */
		08041BC6163CE1E2001A61D0 /* Project object */ = {
			isa = PBXProject;
			attributes = {
				CLASSPREFIX = o2js;
				LastUpgradeCheck = 0450;
				ORGANIZATIONNAME = "Volkan Ozcelik";
			};
			buildConfigurationList = 08041BC9163CE1E2001A61D0 /* Build configuration list for PBXProject "BasicMemoryManagement" */;
			compatibilityVersion = "Xcode 3.2";
			developmentRegion = English;
			hasScannedForEncodings = 0;
			knownRegions = (
				en,
			);
			mainGroup = 08041BC4163CE1E2001A61D0;
			productRefGroup = 08041BD0163CE1E2001A61D0 /* Products */;
			projectDirPath = "";
			projectRoot = "";
			targets = (
				08041BCE163CE1E2001A61D0 /* BasicMemoryManagement */,
			);
		};
/* End PBXProject section */

/* Begin PBXResourcesBuildPhase section */
		08041BCD163CE1E2001A61D0 /* Resources */ = {
			isa = PBXResourcesBuildPhase;
			buildActionMask = 2147483647;
			files = (
				08041BDE163CE1E3001A61D0 /* InfoPlist.strings in Resources */,
				08041BE4163CE1E3001A61D0 /* Credits.rtf in Resources */,
				08041BEA163CE1E3001A61D0 /* MainMenu.xib in Resources */,
			);
			runOnlyForDeploymentPostprocessing = 0;
		};
/* End PBXResourcesBuildPhase section */

/* Begin PBXSourcesBuildPhase section */
		08041BCB163CE1E2001A61D0 /* Sources */ = {
			isa = PBXSourcesBuildPhase;
			buildActionMask = 2147483647;
			files = (
				08041BE0163CE1E3001A61D0 /* main.m in Sources */,
				08041BE7163CE1E3001A61D0 /* o2jsAppDelegate.m in Sources */,
			);
			runOnlyForDeploymentPostprocessing = 0;
		};
/* End PBXSourcesBuildPhase section */

/* Begin PBXVariantGroup section */
		08041BDC163CE1E3001A61D0 /* InfoPlist.strings */ = {
			isa = PBXVariantGroup;
			children = (
				08041BDD163CE1E3001A61D0 /* en */,
			);
			name = InfoPlist.strings;
			sourceTree = "<group>";
		};
		08041BE2163CE1E3001A61D0 /* Credits.rtf */ = {
			isa = PBXVariantGroup;
			children = (
				08041BE3163CE1E3001A61D0 /* en */,
			);
			name = Credits.rtf;
			sourceTree = "<group>";
		};
		08041BE8163CE1E3001A61D0 /* MainMenu.xib */ = {
			isa = PBXVariantGroup;
			children = (
				08041BE9163CE1E3001A61D0 /* en */,
			);
			name = MainMenu.xib;
			sourceTree = "<group>";
		};
/* End PBXVariantGroup section */

/* Begin XCBuildConfiguration section */
		08041BEB163CE1E3001A61D0 /* Debug */ = {
			isa = XCBuildConfiguration;
			buildSettings = {
				ALWAYS_SEARCH_USER_PATHS = NO;
				ARCHS = "$(ARCHS_STANDARD_64_BIT)";
				CLANG_CXX_LANGUAGE_STANDARD = "gnu++0x";
				CLANG_CXX_LIBRARY = "libc++";
				CLANG_WARN_EMPTY_BODY = YES;
				CLANG_WARN__DUPLICATE_METHOD_MATCH = YES;
				COPY_PHASE_STRIP = NO;
				GCC_C_LANGUAGE_STANDARD = gnu99;
				GCC_DYNAMIC_NO_PIC = NO;
				GCC_ENABLE_OBJC_EXCEPTIONS = YES;
				GCC_OPTIMIZATION_LEVEL = 0;
				GCC_PREPROCESSOR_DEFINITIONS = (
					"DEBUG=1",
					"$(inherited)",
				);
				GCC_SYMBOLS_PRIVATE_EXTERN = NO;
				GCC_WARN_64_TO_32_BIT_CONVERSION = YES;
				GCC_WARN_ABOUT_RETURN_TYPE = YES;
				GCC_WARN_UNINITIALIZED_AUTOS = YES;
				GCC_WARN_UNUSED_VARIABLE = YES;
				MACOSX_DEPLOYMENT_TARGET = 10.8;
				ONLY_ACTIVE_ARCH = YES;
				SDKROOT = macosx;
			};
			name = Debug;
		};
		08041BEC163CE1E3001A61D0 /* Release */ = {
			isa = XCBuildConfiguration;
			buildSettings = {
				ALWAYS_SEARCH_USER_PATHS = NO;
				ARCHS = "$(ARCHS_STANDARD_64_BIT)";
				CLANG_CXX_LANGUAGE_STANDARD = "gnu++0x";
				CLANG_CXX_LIBRARY = "libc++";
				CLANG_WARN_EMPTY_BODY = YES;
				CLANG_WARN__DUPLICATE_METHOD_MATCH = YES;
				COPY_PHASE_STRIP = YES;
				DEBUG_INFORMATION_FORMAT = "dwarf-with-dsym";
				GCC_C_LANGUAGE_STANDARD = gnu99;
				GCC_ENABLE_OBJC_EXCEPTIONS = YES;
				GCC_WARN_64_TO_32_BIT_CONVERSION = YES;
				GCC_WARN_ABOUT_RETURN_TYPE = YES;
				GCC_WARN_UNINITIALIZED_AUTOS = YES;
				GCC_WARN_UNUSED_VARIABLE = YES;
				MACOSX_DEPLOYMENT_TARGET = 10.8;
				SDKROOT = macosx;
			};
			name = Release;
		};
		08041BEE163CE1E3001A61D0 /* Debug */ = {
			isa = XCBuildConfiguration;
			buildSettings = {
				COMBINE_HIDPI_IMAGES = YES;
				GCC_PRECOMPILE_PREFIX_HEADER = YES;
				GCC_PREFIX_HEADER = "BasicMemoryManagement/BasicMemoryManagement-Prefix.pch";
				INFOPLIST_FILE = "BasicMemoryManagement/BasicMemoryManagement-Info.plist";
				PRODUCT_NAME = "$(TARGET_NAME)";
				WRAPPER_EXTENSION = app;
			};
			name = Debug;
		};
		08041BEF163CE1E3001A61D0 /* Release */ = {
			isa = XCBuildConfiguration;
			buildSettings = {
				COMBINE_HIDPI_IMAGES = YES;
				GCC_PRECOMPILE_PREFIX_HEADER = YES;
				GCC_PREFIX_HEADER = "BasicMemoryManagement/BasicMemoryManagement-Prefix.pch";
				INFOPLIST_FILE = "BasicMemoryManagement/BasicMemoryManagement-Info.plist";
				PRODUCT_NAME = "$(TARGET_NAME)";
				WRAPPER_EXTENSION = app;
			};
			name = Release;
		};
/* End XCBuildConfiguration section */

/* Begin XCConfigurationList section */
		08041BC9163CE1E2001A61D0 /* Build configuration list for PBXProject "BasicMemoryManagement" */ = {
			isa = XCConfigurationList;
			buildConfigurations = (
				08041BEB163CE1E3001A61D0 /* Debug */,
				08041BEC163CE1E3001A61D0 /* Release */,
			);
			defaultConfigurationIsVisible = 0;
			defaultConfigurationName = Release;
		};
		08041BED163CE1E3001A61D0 /* Build configuration list for PBXNativeTarget "BasicMemoryManagement" */ = {
			isa = XCConfigurationList;
			buildConfigurations = (
				08041BEE163CE1E3001A61D0 /* Debug */,
				08041BEF163CE1E3001A61D0 /* Release */,
			);
			defaultConfigurationIsVisible = 0;
		};
/* End XCConfigurationList section */
	};
	rootObject = 08041BC6163CE1E2001A61D0 /* Project object */;
}
