// !$*UTF8*$!
{
	archiveVersion = 1;
	classes = {
	};
	objectVersion = 46;
	objects = {

/* Begin PBXBuildFile section */
		08767DE316382DBF000940BD /* Foundation.framework in Frameworks */ = {isa = PBXBuildFile; fileRef = 08767DE216382DBF000940BD /* Foundation.framework */; };
		08767DE616382DC0000940BD /* main.m in Sources */ = {isa = PBXBuildFile; fileRef = 08767DE516382DC0000940BD /* main.m */; };
		08767DEA16382DC0000940BD /* Structs.1 in CopyFiles */ = {isa = PBXBuildFile; fileRef = 08767DE916382DC0000940BD /* Structs.1 */; };
/* End PBXBuildFile section */

/* Begin PBXCopyFilesBuildPhase section */
		08767DDC16382DBF000940BD /* CopyFiles */ = {
			isa = PBXCopyFilesBuildPhase;
			buildActionMask = 2147483647;
			dstPath = /usr/share/man/man1/;
			dstSubfolderSpec = 0;
			files = (
				08767DEA16382DC0000940BD /* Structs.1 in CopyFiles */,
			);
			runOnlyForDeploymentPostprocessing = 1;
		};
/* End PBXCopyFilesBuildPhase section */

/* Begin PBXFileReference section */
		08767DDE16382DBF000940BD /* Structs */ = {isa = PBXFileReference; explicitFileType = "compiled.mach-o.executable"; includeInIndex = 0; path = Structs; sourceTree = BUILT_PRODUCTS_DIR; };
		08767DE216382DBF000940BD /* Foundation.framework */ = {isa = PBXFileReference; lastKnownFileType = wrapper.framework; name = Foundation.framework; path = System/Library/Frameworks/Foundation.framework; sourceTree = SDKROOT; };
		08767DE516382DC0000940BD /* main.m */ = {isa = PBXFileReference; lastKnownFileType = sourcecode.c.objc; path = main.m; sourceTree = "<group>"; };
		08767DE816382DC0000940BD /* Structs-Prefix.pch */ = {isa = PBXFileReference; lastKnownFileType = sourcecode.c.h; path = "Structs-Prefix.pch"; sourceTree = "<group>"; };
		08767DE916382DC0000940BD /* Structs.1 */ = {isa = PBXFileReference; lastKnownFileType = text.man; path = Structs.1; sourceTree = "<group>"; };
/* End PBXFileReference section */

/* Begin PBXFrameworksBuildPhase section */
		08767DDB16382DBF000940BD /* Frameworks */ = {
			isa = PBXFrameworksBuildPhase;
			buildActionMask = 2147483647;
			files = (
				08767DE316382DBF000940BD /* Foundation.framework in Frameworks */,
			);
			runOnlyForDeploymentPostprocessing = 0;
		};
/* End PBXFrameworksBuildPhase section */

/* Begin PBXGroup section */
		08767DD316382DBF000940BD = {
			isa = PBXGroup;
			children = (
				08767DE416382DC0000940BD /* Structs */,
				08767DE116382DBF000940BD /* Frameworks */,
				08767DDF16382DBF000940BD /* Products */,
			);
			sourceTree = "<group>";
		};
		08767DDF16382DBF000940BD /* Products */ = {
			isa = PBXGroup;
			children = (
				08767DDE16382DBF000940BD /* Structs */,
			);
			name = Products;
			sourceTree = "<group>";
		};
		08767DE116382DBF000940BD /* Frameworks */ = {
			isa = PBXGroup;
			children = (
				08767DE216382DBF000940BD /* Foundation.framework */,
			);
			name = Frameworks;
			sourceTree = "<group>";
		};
		08767DE416382DC0000940BD /* Structs */ = {
			isa = PBXGroup;
			children = (
				08767DE516382DC0000940BD /* main.m */,
				08767DE916382DC0000940BD /* Structs.1 */,
				08767DE716382DC0000940BD /* Supporting Files */,
			);
			path = Structs;
			sourceTree = "<group>";
		};
		08767DE716382DC0000940BD /* Supporting Files */ = {
			isa = PBXGroup;
			children = (
				08767DE816382DC0000940BD /* Structs-Prefix.pch */,
			);
			name = "Supporting Files";
			sourceTree = "<group>";
		};
/* End PBXGroup section */

/* Begin PBXNativeTarget section */
		08767DDD16382DBF000940BD /* Structs */ = {
			isa = PBXNativeTarget;
			buildConfigurationList = 08767DED16382DC0000940BD /* Build configuration list for PBXNativeTarget "Structs" */;
			buildPhases = (
				08767DDA16382DBF000940BD /* Sources */,
				08767DDB16382DBF000940BD /* Frameworks */,
				08767DDC16382DBF000940BD /* CopyFiles */,
			);
			buildRules = (
			);
			dependencies = (
			);
			name = Structs;
			productName = Structs;
			productReference = 08767DDE16382DBF000940BD /* Structs */;
			productType = "com.apple.product-type.tool";
		};
/* End PBXNativeTarget section */

/* Begin PBXProject section */
		08767DD516382DBF000940BD /* Project object */ = {
			isa = PBXProject;
			attributes = {
				LastUpgradeCheck = 0450;
				ORGANIZATIONNAME = "Volkan Ozcelik";
			};
			buildConfigurationList = 08767DD816382DBF000940BD /* Build configuration list for PBXProject "Structs" */;
			compatibilityVersion = "Xcode 3.2";
			developmentRegion = English;
			hasScannedForEncodings = 0;
			knownRegions = (
				en,
			);
			mainGroup = 08767DD316382DBF000940BD;
			productRefGroup = 08767DDF16382DBF000940BD /* Products */;
			projectDirPath = "";
			projectRoot = "";
			targets = (
				08767DDD16382DBF000940BD /* Structs */,
			);
		};
/* End PBXProject section */

/* Begin PBXSourcesBuildPhase section */
		08767DDA16382DBF000940BD /* Sources */ = {
			isa = PBXSourcesBuildPhase;
			buildActionMask = 2147483647;
			files = (
				08767DE616382DC0000940BD /* main.m in Sources */,
			);
			runOnlyForDeploymentPostprocessing = 0;
		};
/* End PBXSourcesBuildPhase section */

/* Begin XCBuildConfiguration section */
		08767DEB16382DC0000940BD /* Debug */ = {
			isa = XCBuildConfiguration;
			buildSettings = {
				ALWAYS_SEARCH_USER_PATHS = NO;
				ARCHS = "$(ARCHS_STANDARD_64_BIT)";
				CLANG_CXX_LANGUAGE_STANDARD = "gnu++0x";
				CLANG_CXX_LIBRARY = "libc++";
				CLANG_WARN_EMPTY_BODY = YES;
				CLANG_WARN__DUPLICATE_METHOD_MATCH = YES;
				COPY_PHASE_STRIP = NO;
				GCC_C_LANGUAGE_STANDARD = gnu99;
				GCC_DYNAMIC_NO_PIC = NO;
				GCC_ENABLE_OBJC_EXCEPTIONS = YES;
				GCC_OPTIMIZATION_LEVEL = 0;
				GCC_PREPROCESSOR_DEFINITIONS = (
					"DEBUG=1",
					"$(inherited)",
				);
				GCC_SYMBOLS_PRIVATE_EXTERN = NO;
				GCC_WARN_64_TO_32_BIT_CONVERSION = YES;
				GCC_WARN_ABOUT_RETURN_TYPE = YES;
				GCC_WARN_UNINITIALIZED_AUTOS = YES;
				GCC_WARN_UNUSED_VARIABLE = YES;
				MACOSX_DEPLOYMENT_TARGET = 10.8;
				ONLY_ACTIVE_ARCH = YES;
				SDKROOT = macosx;
			};
			name = Debug;
		};
		08767DEC16382DC0000940BD /* Release */ = {
			isa = XCBuildConfiguration;
			buildSettings = {
				ALWAYS_SEARCH_USER_PATHS = NO;
				ARCHS = "$(ARCHS_STANDARD_64_BIT)";
				CLANG_CXX_LANGUAGE_STANDARD = "gnu++0x";
				CLANG_CXX_LIBRARY = "libc++";
				CLANG_WARN_EMPTY_BODY = YES;
				CLANG_WARN__DUPLICATE_METHOD_MATCH = YES;
				COPY_PHASE_STRIP = YES;
				DEBUG_INFORMATION_FORMAT = "dwarf-with-dsym";
				GCC_C_LANGUAGE_STANDARD = gnu99;
				GCC_ENABLE_OBJC_EXCEPTIONS = YES;
				GCC_WARN_64_TO_32_BIT_CONVERSION = YES;
				GCC_WARN_ABOUT_RETURN_TYPE = YES;
				GCC_WARN_UNINITIALIZED_AUTOS = YES;
				GCC_WARN_UNUSED_VARIABLE = YES;
				MACOSX_DEPLOYMENT_TARGET = 10.8;
				SDKROOT = macosx;
			};
			name = Release;
		};
		08767DEE16382DC0000940BD /* Debug */ = {
			isa = XCBuildConfiguration;
			buildSettings = {
				GCC_PRECOMPILE_PREFIX_HEADER = YES;
				GCC_PREFIX_HEADER = "Structs/Structs-Prefix.pch";
				PRODUCT_NAME = "$(TARGET_NAME)";
			};
			name = Debug;
		};
		08767DEF16382DC0000940BD /* Release */ = {
			isa = XCBuildConfiguration;
			buildSettings = {
				GCC_PRECOMPILE_PREFIX_HEADER = YES;
				GCC_PREFIX_HEADER = "Structs/Structs-Prefix.pch";
				PRODUCT_NAME = "$(TARGET_NAME)";
			};
			name = Release;
		};
/* End XCBuildConfiguration section */

/* Begin XCConfigurationList section */
		08767DD816382DBF000940BD /* Build configuration list for PBXProject "Structs" */ = {
			isa = XCConfigurationList;
			buildConfigurations = (
				08767DEB16382DC0000940BD /* Debug */,
				08767DEC16382DC0000940BD /* Release */,
			);
			defaultConfigurationIsVisible = 0;
			defaultConfigurationName = Release;
		};
		08767DED16382DC0000940BD /* Build configuration list for PBXNativeTarget "Structs" */ = {
			isa = XCConfigurationList;
			buildConfigurations = (
				08767DEE16382DC0000940BD /* Debug */,
				08767DEF16382DC0000940BD /* Release */,
			);
			defaultConfigurationIsVisible = 0;
		};
/* End XCConfigurationList section */
	};
	rootObject = 08767DD516382DBF000940BD /* Project object */;
}
