// !$*UTF8*$!
{
	archiveVersion = 1;
	classes = {
	};
	objectVersion = 46;
	objects = {

/* Begin PBXBuildFile section */
		083CD344168A75E1005D186A /* Foundation.framework in Frameworks */ = {isa = PBXBuildFile; fileRef = 083CD343168A75E1005D186A /* Foundation.framework */; };
		083CD347168A75E1005D186A /* main.m in Sources */ = {isa = PBXBuildFile; fileRef = 083CD346168A75E1005D186A /* main.m */; };
		083CD34B168A75E1005D186A /* FoundationClasses.1 in CopyFiles */ = {isa = PBXBuildFile; fileRef = 083CD34A168A75E1005D186A /* FoundationClasses.1 */; };
		08E46AD516B1ABB9006556EE /* mutability.m in Sources */ = {isa = PBXBuildFile; fileRef = 08E46AD316B1ABB9006556EE /* mutability.m */; };
		B6EA63356B39E0AAE9BF8393 /* NSNumberTest.h in CopyFiles */ = {isa = PBXBuildFile; fileRef = B6EA64D51926EACC1CE9105B /* NSNumberTest.h */; };
		B6EA63F3B2F3917168844B22 /* NSStringTest.m in Sources */ = {isa = PBXBuildFile; fileRef = B6EA6257609C88858B320CFD /* NSStringTest.m */; };
		B6EA66E1D23259E82ECDE89F /* NSNumberTest.m in Sources */ = {isa = PBXBuildFile; fileRef = B6EA69B496CE2C93200060DA /* NSNumberTest.m */; };
		B6EA69162A956DF665F7A4BD /* O2User.h in CopyFiles */ = {isa = PBXBuildFile; fileRef = B6EA605B909E0D6C6B497F9F /* O2User.h */; };
		B6EA6D046CD6F15F00CCCFE9 /* O2User.m in Sources */ = {isa = PBXBuildFile; fileRef = B6EA6A25655891BEE442F9E4 /* O2User.m */; };
		B6EA6DF02297DF85DB4FF497 /* NSStringTest.h in CopyFiles */ = {isa = PBXBuildFile; fileRef = B6EA62688D0333F6D893E188 /* NSStringTest.h */; };
/* End PBXBuildFile section */

/* Begin PBXCopyFilesBuildPhase section */
		083CD33D168A75E1005D186A /* CopyFiles */ = {
			isa = PBXCopyFilesBuildPhase;
			buildActionMask = 2147483647;
			dstPath = /usr/share/man/man1/;
			dstSubfolderSpec = 0;
			files = (
				083CD34B168A75E1005D186A /* FoundationClasses.1 in CopyFiles */,
				B6EA69162A956DF665F7A4BD /* O2User.h in CopyFiles */,
				B6EA6DF02297DF85DB4FF497 /* NSStringTest.h in CopyFiles */,
				B6EA63356B39E0AAE9BF8393 /* NSNumberTest.h in CopyFiles */,
			);
			runOnlyForDeploymentPostprocessing = 1;
		};
/* End PBXCopyFilesBuildPhase section */

/* Begin PBXFileReference section */
		083CD33F168A75E1005D186A /* FoundationClasses */ = {isa = PBXFileReference; explicitFileType = "compiled.mach-o.executable"; includeInIndex = 0; path = FoundationClasses; sourceTree = BUILT_PRODUCTS_DIR; };
		083CD343168A75E1005D186A /* Foundation.framework */ = {isa = PBXFileReference; lastKnownFileType = wrapper.framework; name = Foundation.framework; path = System/Library/Frameworks/Foundation.framework; sourceTree = SDKROOT; };
		083CD346168A75E1005D186A /* main.m */ = {isa = PBXFileReference; lastKnownFileType = sourcecode.c.objc; path = main.m; sourceTree = "<group>"; };
		083CD349168A75E1005D186A /* FoundationClasses-Prefix.pch */ = {isa = PBXFileReference; lastKnownFileType = sourcecode.c.h; path = "FoundationClasses-Prefix.pch"; sourceTree = "<group>"; };
		083CD34A168A75E1005D186A /* FoundationClasses.1 */ = {isa = PBXFileReference; lastKnownFileType = text.man; path = FoundationClasses.1; sourceTree = "<group>"; };
		08E46AD316B1ABB9006556EE /* mutability.m */ = {isa = PBXFileReference; fileEncoding = 4; lastKnownFileType = sourcecode.c.objc; path = mutability.m; sourceTree = "<group>"; };
		08E46AD416B1ABB9006556EE /* mutability.h */ = {isa = PBXFileReference; fileEncoding = 4; lastKnownFileType = sourcecode.c.h; path = mutability.h; sourceTree = "<group>"; };
		B6EA605B909E0D6C6B497F9F /* O2User.h */ = {isa = PBXFileReference; fileEncoding = 4; lastKnownFileType = sourcecode.c.h; path = O2User.h; sourceTree = "<group>"; };
		B6EA6257609C88858B320CFD /* NSStringTest.m */ = {isa = PBXFileReference; fileEncoding = 4; lastKnownFileType = sourcecode.c.objc; path = NSStringTest.m; sourceTree = "<group>"; };
		B6EA62688D0333F6D893E188 /* NSStringTest.h */ = {isa = PBXFileReference; fileEncoding = 4; lastKnownFileType = sourcecode.c.h; path = NSStringTest.h; sourceTree = "<group>"; };
		B6EA64D51926EACC1CE9105B /* NSNumberTest.h */ = {isa = PBXFileReference; fileEncoding = 4; lastKnownFileType = sourcecode.c.h; path = NSNumberTest.h; sourceTree = "<group>"; };
		B6EA69B496CE2C93200060DA /* NSNumberTest.m */ = {isa = PBXFileReference; fileEncoding = 4; lastKnownFileType = sourcecode.c.objc; path = NSNumberTest.m; sourceTree = "<group>"; };
		B6EA6A25655891BEE442F9E4 /* O2User.m */ = {isa = PBXFileReference; fileEncoding = 4; lastKnownFileType = sourcecode.c.objc; path = O2User.m; sourceTree = "<group>"; };
/* End PBXFileReference section */

/* Begin PBXFrameworksBuildPhase section */
		083CD33C168A75E1005D186A /* Frameworks */ = {
			isa = PBXFrameworksBuildPhase;
			buildActionMask = 2147483647;
			files = (
				083CD344168A75E1005D186A /* Foundation.framework in Frameworks */,
			);
			runOnlyForDeploymentPostprocessing = 0;
		};
/* End PBXFrameworksBuildPhase section */

/* Begin PBXGroup section */
		083CD334168A75E1005D186A = {
			isa = PBXGroup;
			children = (
				083CD345168A75E1005D186A /* FoundationClasses */,
				083CD342168A75E1005D186A /* Frameworks */,
				083CD340168A75E1005D186A /* Products */,
			);
			sourceTree = "<group>";
		};
		083CD340168A75E1005D186A /* Products */ = {
			isa = PBXGroup;
			children = (
				083CD33F168A75E1005D186A /* FoundationClasses */,
			);
			name = Products;
			sourceTree = "<group>";
		};
		083CD342168A75E1005D186A /* Frameworks */ = {
			isa = PBXGroup;
			children = (
				083CD343168A75E1005D186A /* Foundation.framework */,
			);
			name = Frameworks;
			sourceTree = "<group>";
		};
		083CD345168A75E1005D186A /* FoundationClasses */ = {
			isa = PBXGroup;
			children = (
				083CD346168A75E1005D186A /* main.m */,
				083CD34A168A75E1005D186A /* FoundationClasses.1 */,
				083CD348168A75E1005D186A /* Supporting Files */,
				08E46AD316B1ABB9006556EE /* mutability.m */,
				08E46AD416B1ABB9006556EE /* mutability.h */,
				B6EA6A25655891BEE442F9E4 /* O2User.m */,
				B6EA605B909E0D6C6B497F9F /* O2User.h */,
				B6EA6257609C88858B320CFD /* NSStringTest.m */,
				B6EA62688D0333F6D893E188 /* NSStringTest.h */,
				B6EA69B496CE2C93200060DA /* NSNumberTest.m */,
				B6EA64D51926EACC1CE9105B /* NSNumberTest.h */,
			);
			path = FoundationClasses;
			sourceTree = "<group>";
		};
		083CD348168A75E1005D186A /* Supporting Files */ = {
			isa = PBXGroup;
			children = (
				083CD349168A75E1005D186A /* FoundationClasses-Prefix.pch */,
			);
			name = "Supporting Files";
			sourceTree = "<group>";
		};
/* End PBXGroup section */

/* Begin PBXNativeTarget section */
		083CD33E168A75E1005D186A /* FoundationClasses */ = {
			isa = PBXNativeTarget;
			buildConfigurationList = 083CD34E168A75E1005D186A /* Build configuration list for PBXNativeTarget "FoundationClasses" */;
			buildPhases = (
				083CD33B168A75E1005D186A /* Sources */,
				083CD33C168A75E1005D186A /* Frameworks */,
				083CD33D168A75E1005D186A /* CopyFiles */,
			);
			buildRules = (
			);
			dependencies = (
			);
			name = FoundationClasses;
			productName = FoundationClasses;
			productReference = 083CD33F168A75E1005D186A /* FoundationClasses */;
			productType = "com.apple.product-type.tool";
		};
/* End PBXNativeTarget section */

/* Begin PBXProject section */
		083CD336168A75E1005D186A /* Project object */ = {
			isa = PBXProject;
			attributes = {
				LastUpgradeCheck = 0450;
				ORGANIZATIONNAME = "Volkan Ozcelik";
			};
			buildConfigurationList = 083CD339168A75E1005D186A /* Build configuration list for PBXProject "FoundationClasses" */;
			compatibilityVersion = "Xcode 3.2";
			developmentRegion = English;
			hasScannedForEncodings = 0;
			knownRegions = (
				en,
			);
			mainGroup = 083CD334168A75E1005D186A;
			productRefGroup = 083CD340168A75E1005D186A /* Products */;
			projectDirPath = "";
			projectRoot = "";
			targets = (
				083CD33E168A75E1005D186A /* FoundationClasses */,
			);
		};
/* End PBXProject section */

/* Begin PBXSourcesBuildPhase section */
		083CD33B168A75E1005D186A /* Sources */ = {
			isa = PBXSourcesBuildPhase;
			buildActionMask = 2147483647;
			files = (
				083CD347168A75E1005D186A /* main.m in Sources */,
				08E46AD516B1ABB9006556EE /* mutability.m in Sources */,
				B6EA6D046CD6F15F00CCCFE9 /* O2User.m in Sources */,
				B6EA63F3B2F3917168844B22 /* NSStringTest.m in Sources */,
				B6EA66E1D23259E82ECDE89F /* NSNumberTest.m in Sources */,
			);
			runOnlyForDeploymentPostprocessing = 0;
		};
/* End PBXSourcesBuildPhase section */

/* Begin XCBuildConfiguration section */
		083CD34C168A75E1005D186A /* Debug */ = {
			isa = XCBuildConfiguration;
			buildSettings = {
				ALWAYS_SEARCH_USER_PATHS = NO;
				ARCHS = "$(ARCHS_STANDARD_64_BIT)";
				CLANG_CXX_LANGUAGE_STANDARD = "gnu++0x";
				CLANG_CXX_LIBRARY = "libc++";
				CLANG_WARN_EMPTY_BODY = YES;
				CLANG_WARN__DUPLICATE_METHOD_MATCH = YES;
				COPY_PHASE_STRIP = NO;
				GCC_C_LANGUAGE_STANDARD = gnu99;
				GCC_DYNAMIC_NO_PIC = NO;
				GCC_ENABLE_OBJC_EXCEPTIONS = YES;
				GCC_OPTIMIZATION_LEVEL = 0;
				GCC_PREPROCESSOR_DEFINITIONS = (
					"DEBUG=1",
					"$(inherited)",
				);
				GCC_SYMBOLS_PRIVATE_EXTERN = NO;
				GCC_WARN_64_TO_32_BIT_CONVERSION = YES;
				GCC_WARN_ABOUT_RETURN_TYPE = YES;
				GCC_WARN_UNINITIALIZED_AUTOS = YES;
				GCC_WARN_UNUSED_VARIABLE = YES;
				MACOSX_DEPLOYMENT_TARGET = 10.8;
				ONLY_ACTIVE_ARCH = YES;
				SDKROOT = macosx;
			};
			name = Debug;
		};
		083CD34D168A75E1005D186A /* Release */ = {
			isa = XCBuildConfiguration;
			buildSettings = {
				ALWAYS_SEARCH_USER_PATHS = NO;
				ARCHS = "$(ARCHS_STANDARD_64_BIT)";
				CLANG_CXX_LANGUAGE_STANDARD = "gnu++0x";
				CLANG_CXX_LIBRARY = "libc++";
				CLANG_WARN_EMPTY_BODY = YES;
				CLANG_WARN__DUPLICATE_METHOD_MATCH = YES;
				COPY_PHASE_STRIP = YES;
				DEBUG_INFORMATION_FORMAT = "dwarf-with-dsym";
				GCC_C_LANGUAGE_STANDARD = gnu99;
				GCC_ENABLE_OBJC_EXCEPTIONS = YES;
				GCC_WARN_64_TO_32_BIT_CONVERSION = YES;
				GCC_WARN_ABOUT_RETURN_TYPE = YES;
				GCC_WARN_UNINITIALIZED_AUTOS = YES;
				GCC_WARN_UNUSED_VARIABLE = YES;
				MACOSX_DEPLOYMENT_TARGET = 10.8;
				SDKROOT = macosx;
			};
			name = Release;
		};
		083CD34F168A75E1005D186A /* Debug */ = {
			isa = XCBuildConfiguration;
			buildSettings = {
				GCC_PRECOMPILE_PREFIX_HEADER = YES;
				GCC_PREFIX_HEADER = "FoundationClasses/FoundationClasses-Prefix.pch";
				PRODUCT_NAME = "$(TARGET_NAME)";
			};
			name = Debug;
		};
		083CD350168A75E1005D186A /* Release */ = {
			isa = XCBuildConfiguration;
			buildSettings = {
				GCC_PRECOMPILE_PREFIX_HEADER = YES;
				GCC_PREFIX_HEADER = "FoundationClasses/FoundationClasses-Prefix.pch";
				PRODUCT_NAME = "$(TARGET_NAME)";
			};
			name = Release;
		};
/* End XCBuildConfiguration section */

/* Begin XCConfigurationList section */
		083CD339168A75E1005D186A /* Build configuration list for PBXProject "FoundationClasses" */ = {
			isa = XCConfigurationList;
			buildConfigurations = (
				083CD34C168A75E1005D186A /* Debug */,
				083CD34D168A75E1005D186A /* Release */,
			);
			defaultConfigurationIsVisible = 0;
			defaultConfigurationName = Release;
		};
		083CD34E168A75E1005D186A /* Build configuration list for PBXNativeTarget "FoundationClasses" */ = {
			isa = XCConfigurationList;
			buildConfigurations = (
				083CD34F168A75E1005D186A /* Debug */,
				083CD350168A75E1005D186A /* Release */,
			);
			defaultConfigurationIsVisible = 0;
			defaultConfigurationName = Release;
		};
/* End XCConfigurationList section */
	};
	rootObject = 083CD336168A75E1005D186A /* Project object */;
}
